
Microsoft Visual Studio Solution File, Format Version 12.00
# Visual Studio Version 16
VisualStudioVersion = 16.0.31911.196
MinimumVisualStudioVersion = 10.0.40219.1
Project("{9A19103F-16F7-4668-BE54-9A1E7A4F7556}") = "VSFlyDavidIsmael", "VSFlyDavidIsmael\VSFlyDavidIsmael.csproj", "{49A9E711-FA90-4828-927F-88C9D16BEB20}"
EndProject
Project("{FAE04EC0-301F-11D3-BF4B-00C04F79EFBC}") = "VSFlyAPI", "VSFlyAPI\VSFlyAPI.csproj", "{61B92CDF-7A53-4213-A932-ADF52A1CF40B}"
EndProject
Global
	GlobalSection(SolutionConfigurationPlatforms) = preSolution
		Debug|Any CPU = Debug|Any CPU
		Release|Any CPU = Release|Any CPU
	EndGlobalSection
	GlobalSection(ProjectConfigurationPlatforms) = postSolution
		{49A9E711-FA90-4828-927F-88C9D16BEB20}.Debug|Any CPU.ActiveCfg = Debug|Any CPU
		{49A9E711-FA90-4828-927F-88C9D16BEB20}.Debug|Any CPU.Build.0 = Debug|Any CPU
		{49A9E711-FA90-4828-927F-88C9D16BEB20}.Release|Any CPU.ActiveCfg = Release|Any CPU
		{49A9E711-FA90-4828-927F-88C9D16BEB20}.Release|Any CPU.Build.0 = Release|Any CPU
		{61B92CDF-7A53-4213-A932-ADF52A1CF40B}.Debug|Any CPU.ActiveCfg = Debug|Any CPU
		{61B92CDF-7A53-4213-A932-ADF52A1CF40B}.Debug|Any CPU.Build.0 = Debug|Any CPU
		{61B92CDF-7A53-4213-A932-ADF52A1CF40B}.Release|Any CPU.ActiveCfg = Release|Any CPU
		{61B92CDF-7A53-4213-A932-ADF52A1CF40B}.Release|Any CPU.Build.0 = Release|Any CPU
	EndGlobalSection
	GlobalSection(SolutionProperties) = preSolution
		HideSolutionNode = FALSE
	EndGlobalSection
	GlobalSection(ExtensibilityGlobals) = postSolution
		SolutionGuid = {B4334DAD-A3AA-4F96-9264-428A54BC0958}
	EndGlobalSection
EndGlobal
